
Microsoft Visual Studio Solution File, Format Version 12.00
# Visual Studio Version 16
VisualStudioVersion = 16.0.30503.244
MinimumVisualStudioVersion = 10.0.40219.1
Project("{9A19103F-16F7-4668-BE54-9A1E7A4F7556}") = "microservice-content", "microservice-content\microservice-content.csproj", "{6C772761-3E8E-4E3E-913C-EE7FB98ABB51}"
EndProject
Project("{FAE04EC0-301F-11D3-BF4B-00C04F79EFBC}") = "microservice-authentication", "microservice-authentication\microservice-authentication.csproj", "{8C806601-410C-4E41-9501-58738A6F3935}"
EndProject
Global
	GlobalSection(SolutionConfigurationPlatforms) = preSolution
		Debug|Any CPU = Debug|Any CPU
		Release|Any CPU = Release|Any CPU
	EndGlobalSection
	GlobalSection(ProjectConfigurationPlatforms) = postSolution
		{6C772761-3E8E-4E3E-913C-EE7FB98ABB51}.Debug|Any CPU.ActiveCfg = Debug|Any CPU
		{6C772761-3E8E-4E3E-913C-EE7FB98ABB51}.Debug|Any CPU.Build.0 = Debug|Any CPU
		{6C772761-3E8E-4E3E-913C-EE7FB98ABB51}.Release|Any CPU.ActiveCfg = Release|Any CPU
		{6C772761-3E8E-4E3E-913C-EE7FB98ABB51}.Release|Any CPU.Build.0 = Release|Any CPU
		{8C806601-410C-4E41-9501-58738A6F3935}.Debug|Any CPU.ActiveCfg = Debug|Any CPU
		{8C806601-410C-4E41-9501-58738A6F3935}.Debug|Any CPU.Build.0 = Debug|Any CPU
		{8C806601-410C-4E41-9501-58738A6F3935}.Release|Any CPU.ActiveCfg = Release|Any CPU
		{8C806601-410C-4E41-9501-58738A6F3935}.Release|Any CPU.Build.0 = Release|Any CPU
	EndGlobalSection
	GlobalSection(SolutionProperties) = preSolution
		HideSolutionNode = FALSE
	EndGlobalSection
	GlobalSection(ExtensibilityGlobals) = postSolution
		SolutionGuid = {C25DB2E6-A2A4-404D-B97D-4BEC26C82ED7}
	EndGlobalSection
EndGlobal
